{
  "name": "amazon-rekognition-virtual-proctor",
  "version": "1.0.0",
  "lockfileVersion": 2,
  "requires": true,
  "packages": {
    "": {
      "name": "amazon-rekognition-virtual-proctor",
      "version": "1.0.0",
      "hasInstallScript": true,
      "dependencies": {
        "react-file-reader": "^1.1.4",
        "react-images-upload": "^1.2.8"
      },
      "devDependencies": {
        "js-yaml": "3.13.1",
        "node-yaml": "4.0.1"
      }
    },
    "node_modules/@octetstream/promisify": {
      "version": "2.0.2",
      "resolved": "https://registry.npmjs.org/@octetstream/promisify/-/promisify-2.0.2.tgz",
      "integrity": "sha512-7XHoRB61hxsz8lBQrjC1tq/3OEIgpvGWg6DKAdwi7WRzruwkmsdwmOoUXbU4Dtd4RSOMDwed0SkP3y8UlMt1Bg==",
      "dev": true,
      "engines": {
        "node": "6.x || >=8.x"
      }
    },
    "node_modules/argparse": {
      "version": "1.0.10",
      "resolved": "https://registry.npmjs.org/argparse/-/argparse-1.0.10.tgz",
      "integrity": "sha512-o5Roy6tNG4SL/FOkCAN6RzjiakZS25RLYFrcMttJqbdd8BWrnA+fGz57iN5Pb06pvBGvl5gQ0B48dJlslXvoTg==",
      "dev": true,
      "dependencies": {
        "sprintf-js": "~1.0.2"
      }
    },
    "node_modules/co": {
      "version": "4.6.0",
      "resolved": "https://registry.npmjs.org/co/-/co-4.6.0.tgz",
      "integrity": "sha1-bqa989hTrlTMuOR7+gvz+QMfsYQ=",
      "dev": true,
      "engines": {
        "iojs": ">= 1.0.0",
        "node": ">= 0.12.0"
      }
    },
    "node_modules/esprima": {
      "version": "4.0.1",
      "resolved": "https://registry.npmjs.org/esprima/-/esprima-4.0.1.tgz",
      "integrity": "sha512-eGuFFw7Upda+g4p+QHvnW0RyTX/SVeJBDM/gCtMARO0cLuT2HcEKnTPvhjV6aGeqrCB/sbNop0Kszm0jsaWU4A==",
      "dev": true,
      "bin": {
        "esparse": "bin/esparse.js",
        "esvalidate": "bin/esvalidate.js"
      },
      "engines": {
        "node": ">=4"
      }
    },
    "node_modules/js-tokens": {
      "version": "4.0.0",
      "resolved": "https://registry.npmjs.org/js-tokens/-/js-tokens-4.0.0.tgz",
      "integrity": "sha512-RdJUflcE3cUzKiMqQgsCu06FPu9UdIJO0beYbPhHN4k6apgJtifcoCtT9bcxOpYBtpD2kCM6Sbzg4CausW/PKQ=="
    },
    "node_modules/js-yaml": {
      "version": "3.13.1",
      "resolved": "https://registry.npmjs.org/js-yaml/-/js-yaml-3.13.1.tgz",
      "integrity": "sha512-YfbcO7jXDdyj0DGxYVSlSeQNHbD7XPWvrVWeVUujrQEoZzWJIRrCPoyk6kL6IAjAG2IolMK4T0hNUe0HOUs5Jw==",
      "dev": true,
      "dependencies": {
        "argparse": "^1.0.7",
        "esprima": "^4.0.0"
      },
      "bin": {
        "js-yaml": "bin/js-yaml.js"
      }
    },
    "node_modules/junk": {
      "version": "3.1.0",
      "resolved": "https://registry.npmjs.org/junk/-/junk-3.1.0.tgz",
      "integrity": "sha512-pBxcB3LFc8QVgdggvZWyeys+hnrNWg4OcZIU/1X59k5jQdLBlCsYGRQaz234SqoRLTCgMH00fY0xRJH+F9METQ==",
      "dev": true,
      "engines": {
        "node": ">=8"
      }
    },
    "node_modules/loose-envify": {
      "version": "1.4.0",
      "resolved": "https://registry.npmjs.org/loose-envify/-/loose-envify-1.4.0.tgz",
      "integrity": "sha512-lyuxPGr/Wfhrlem2CL/UcnUc1zcqKAImBDzukY7Y5F/yQiNdko6+fRLevlw1HgMySw7f611UIY408EtxRSoK3Q==",
      "dependencies": {
        "js-tokens": "^3.0.0 || ^4.0.0"
      },
      "bin": {
        "loose-envify": "cli.js"
      }
    },
    "node_modules/node-yaml": {
      "version": "4.0.1",
      "resolved": "https://registry.npmjs.org/node-yaml/-/node-yaml-4.0.1.tgz",
      "integrity": "sha512-ZPKi3OexXdiklsRW9g4P7jAxHAhoBRZCFmIDMQ89clLhMz+MTJuCM9y5f1R7Ru75H84hWJouwpxVOq1SdRTe7A==",
      "dev": true,
      "dependencies": {
        "co": "4.6.0",
        "junk": "3.1.0",
        "promise-fs": "2.1.1"
      }
    },
    "node_modules/object-assign": {
      "version": "4.1.1",
      "resolved": "https://registry.npmjs.org/object-assign/-/object-assign-4.1.1.tgz",
      "integrity": "sha1-IQmtx5ZYh8/AXLvUQsrIv7s2CGM=",
      "engines": {
        "node": ">=0.10.0"
      }
    },
    "node_modules/promise-fs": {
      "version": "2.1.1",
      "resolved": "https://registry.npmjs.org/promise-fs/-/promise-fs-2.1.1.tgz",
      "integrity": "sha512-43p7e4QzAQ3w6eyN0+gbBL7jXiZFWLWYITg9wIObqkBySu/a5K1EDcQ/S6UyB/bmiZWDA4NjTbcopKLTaKcGSw==",
      "dev": true,
      "dependencies": {
        "@octetstream/promisify": "2.0.2"
      },
      "engines": {
        "node": ">=6"
      }
    },
    "node_modules/prop-types": {
      "version": "15.7.2",
      "resolved": "https://registry.npmjs.org/prop-types/-/prop-types-15.7.2.tgz",
      "integrity": "sha512-8QQikdH7//R2vurIJSutZ1smHYTcLpRWEOlHnzcWHmBYrOGUysKwSsrC89BCiFj3CbrfJ/nXFdJepOVrY1GCHQ==",
      "dependencies": {
        "loose-envify": "^1.4.0",
        "object-assign": "^4.1.1",
        "react-is": "^16.8.1"
      }
    },
    "node_modules/react": {
      "version": "16.14.0",
      "resolved": "https://registry.npmjs.org/react/-/react-16.14.0.tgz",
      "integrity": "sha512-0X2CImDkJGApiAlcf0ODKIneSwBPhqJawOa5wCtKbu7ZECrmS26NvtSILynQ66cgkT/RJ4LidJOc3bUESwmU8g==",
      "dependencies": {
        "loose-envify": "^1.1.0",
        "object-assign": "^4.1.1",
        "prop-types": "^15.6.2"
      },
      "engines": {
        "node": ">=0.10.0"
      }
    },
    "node_modules/react-dom": {
      "version": "16.14.0",
      "resolved": "https://registry.npmjs.org/react-dom/-/react-dom-16.14.0.tgz",
      "integrity": "sha512-1gCeQXDLoIqMgqD3IO2Ah9bnf0w9kzhwN5q4FGnHZ67hBm9yePzB5JJAIQCc8x3pFnNlwFq4RidZggNAAkzWWw==",
      "peer": true,
      "dependencies": {
        "loose-envify": "^1.1.0",
        "object-assign": "^4.1.1",
        "prop-types": "^15.6.2",
        "scheduler": "^0.19.1"
      },
      "peerDependencies": {
        "react": "^16.14.0"
      }
    },
    "node_modules/react-file-reader": {
      "version": "1.1.4",
      "resolved": "https://registry.npmjs.org/react-file-reader/-/react-file-reader-1.1.4.tgz",
      "integrity": "sha512-xTeHFrDIopZpzk4aMZyILzIQbytQ6GCKR32/7kBDzO5lrAr1idbK5PkmpjP4wnT9s5F+TALviuhnWk8UeksddA==",
      "dependencies": {
        "prop-types": "^15.5.0",
        "uuid4": "^1.0.0"
      }
    },
    "node_modules/react-flip-move": {
      "version": "3.0.4",
      "resolved": "https://registry.npmjs.org/react-flip-move/-/react-flip-move-3.0.4.tgz",
      "integrity": "sha512-HyUVv9g3t/BS7Yz9HgrtYSWyRNdR2F81nkj+C5iRY675AwlqCLB5JU9mnZWg0cdVz7IM4iquoyZx70vzZv3Z8Q==",
      "peerDependencies": {
        "react": ">=16.3.x",
        "react-dom": ">=16.3.x"
      }
    },
    "node_modules/react-images-upload": {
      "version": "1.2.8",
      "resolved": "https://registry.npmjs.org/react-images-upload/-/react-images-upload-1.2.8.tgz",
      "integrity": "sha512-d5mhAE0BfkLTlG5MLvKVw+q76LL8r5easgWW0TTBvXD8n6HXeLMZLwCuPiOibY1a3NRMXI4AnM1r34dqLOBjng==",
      "dependencies": {
        "react": "^16.12.0",
        "react-flip-move": "^3.0.4"
      },
      "peerDependencies": {
        "react": "^16.3.0",
        "react-dom": "^16.3.0"
      }
    },
    "node_modules/react-is": {
      "version": "16.13.1",
      "resolved": "https://registry.npmjs.org/react-is/-/react-is-16.13.1.tgz",
      "integrity": "sha512-24e6ynE2H+OKt4kqsOvNd8kBpV65zoxbA4BVsEOB3ARVWQki/DHzaUoC5KuON/BiccDaCCTZBuOcfZs70kR8bQ=="
    },
    "node_modules/scheduler": {
      "version": "0.19.1",
      "resolved": "https://registry.npmjs.org/scheduler/-/scheduler-0.19.1.tgz",
      "integrity": "sha512-n/zwRWRYSUj0/3g/otKDRPMh6qv2SYMWNq85IEa8iZyAv8od9zDYpGSnpBEjNgcMNq6Scbu5KfIPxNF72R/2EA==",
      "peer": true,
      "dependencies": {
        "loose-envify": "^1.1.0",
        "object-assign": "^4.1.1"
      }
    },
    "node_modules/sprintf-js": {
      "version": "1.0.3",
      "resolved": "https://registry.npmjs.org/sprintf-js/-/sprintf-js-1.0.3.tgz",
      "integrity": "sha1-BOaSb2YolTVPPdAVIDYzuFcpfiw=",
      "dev": true
    },
    "node_modules/uuid4": {
      "version": "1.1.4",
      "resolved": "https://registry.npmjs.org/uuid4/-/uuid4-1.1.4.tgz",
      "integrity": "sha512-Gr1q2k40LpF8CokcnQFjPDsdslzJbTCTBG5xQIEflUov431gFkY5KduiGIeKYAamkQnNn4IfdHJbLnl9Bib8TQ=="
    }
  },
  "dependencies": {
    "@octetstream/promisify": {
      "version": "2.0.2",
      "resolved": "https://registry.npmjs.org/@octetstream/promisify/-/promisify-2.0.2.tgz",
      "integrity": "sha512-7XHoRB61hxsz8lBQrjC1tq/3OEIgpvGWg6DKAdwi7WRzruwkmsdwmOoUXbU4Dtd4RSOMDwed0SkP3y8UlMt1Bg==",
      "dev": true
    },
    "argparse": {
      "version": "1.0.10",
      "resolved": "https://registry.npmjs.org/argparse/-/argparse-1.0.10.tgz",
      "integrity": "sha512-o5Roy6tNG4SL/FOkCAN6RzjiakZS25RLYFrcMttJqbdd8BWrnA+fGz57iN5Pb06pvBGvl5gQ0B48dJlslXvoTg==",
      "dev": true,
      "requires": {
        "sprintf-js": "~1.0.2"
      }
    },
    "co": {
      "version": "4.6.0",
      "resolved": "https://registry.npmjs.org/co/-/co-4.6.0.tgz",
      "integrity": "sha1-bqa989hTrlTMuOR7+gvz+QMfsYQ=",
      "dev": true
    },
    "esprima": {
      "version": "4.0.1",
      "resolved": "https://registry.npmjs.org/esprima/-/esprima-4.0.1.tgz",
      "integrity": "sha512-eGuFFw7Upda+g4p+QHvnW0RyTX/SVeJBDM/gCtMARO0cLuT2HcEKnTPvhjV6aGeqrCB/sbNop0Kszm0jsaWU4A==",
      "dev": true
    },
    "js-tokens": {
      "version": "4.0.0",
      "resolved": "https://registry.npmjs.org/js-tokens/-/js-tokens-4.0.0.tgz",
      "integrity": "sha512-RdJUflcE3cUzKiMqQgsCu06FPu9UdIJO0beYbPhHN4k6apgJtifcoCtT9bcxOpYBtpD2kCM6Sbzg4CausW/PKQ=="
    },
    "js-yaml": {
      "version": "3.13.1",
      "resolved": "https://registry.npmjs.org/js-yaml/-/js-yaml-3.13.1.tgz",
      "integrity": "sha512-YfbcO7jXDdyj0DGxYVSlSeQNHbD7XPWvrVWeVUujrQEoZzWJIRrCPoyk6kL6IAjAG2IolMK4T0hNUe0HOUs5Jw==",
      "dev": true,
      "requires": {
        "argparse": "^1.0.7",
        "esprima": "^4.0.0"
      }
    },
    "junk": {
      "version": "3.1.0",
      "resolved": "https://registry.npmjs.org/junk/-/junk-3.1.0.tgz",
      "integrity": "sha512-pBxcB3LFc8QVgdggvZWyeys+hnrNWg4OcZIU/1X59k5jQdLBlCsYGRQaz234SqoRLTCgMH00fY0xRJH+F9METQ==",
      "dev": true
    },
    "loose-envify": {
      "version": "1.4.0",
      "resolved": "https://registry.npmjs.org/loose-envify/-/loose-envify-1.4.0.tgz",
      "integrity": "sha512-lyuxPGr/Wfhrlem2CL/UcnUc1zcqKAImBDzukY7Y5F/yQiNdko6+fRLevlw1HgMySw7f611UIY408EtxRSoK3Q==",
      "requires": {
        "js-tokens": "^3.0.0 || ^4.0.0"
      }
    },
    "node-yaml": {
      "version": "4.0.1",
      "resolved": "https://registry.npmjs.org/node-yaml/-/node-yaml-4.0.1.tgz",
      "integrity": "sha512-ZPKi3OexXdiklsRW9g4P7jAxHAhoBRZCFmIDMQ89clLhMz+MTJuCM9y5f1R7Ru75H84hWJouwpxVOq1SdRTe7A==",
      "dev": true,
      "requires": {
        "co": "4.6.0",
        "junk": "3.1.0",
        "promise-fs": "2.1.1"
      }
    },
    "object-assign": {
      "version": "4.1.1",
      "resolved": "https://registry.npmjs.org/object-assign/-/object-assign-4.1.1.tgz",
      "integrity": "sha1-IQmtx5ZYh8/AXLvUQsrIv7s2CGM="
    },
    "promise-fs": {
      "version": "2.1.1",
      "resolved": "https://registry.npmjs.org/promise-fs/-/promise-fs-2.1.1.tgz",
      "integrity": "sha512-43p7e4QzAQ3w6eyN0+gbBL7jXiZFWLWYITg9wIObqkBySu/a5K1EDcQ/S6UyB/bmiZWDA4NjTbcopKLTaKcGSw==",
      "dev": true,
      "requires": {
        "@octetstream/promisify": "2.0.2"
      }
    },
    "prop-types": {
      "version": "15.7.2",
      "resolved": "https://registry.npmjs.org/prop-types/-/prop-types-15.7.2.tgz",
      "integrity": "sha512-8QQikdH7//R2vurIJSutZ1smHYTcLpRWEOlHnzcWHmBYrOGUysKwSsrC89BCiFj3CbrfJ/nXFdJepOVrY1GCHQ==",
      "requires": {
        "loose-envify": "^1.4.0",
        "object-assign": "^4.1.1",
        "react-is": "^16.8.1"
      }
    },
    "react": {
      "version": "16.14.0",
      "resolved": "https://registry.npmjs.org/react/-/react-16.14.0.tgz",
      "integrity": "sha512-0X2CImDkJGApiAlcf0ODKIneSwBPhqJawOa5wCtKbu7ZECrmS26NvtSILynQ66cgkT/RJ4LidJOc3bUESwmU8g==",
      "requires": {
        "loose-envify": "^1.1.0",
        "object-assign": "^4.1.1",
        "prop-types": "^15.6.2"
      }
    },
    "react-dom": {
      "version": "16.14.0",
      "resolved": "https://registry.npmjs.org/react-dom/-/react-dom-16.14.0.tgz",
      "integrity": "sha512-1gCeQXDLoIqMgqD3IO2Ah9bnf0w9kzhwN5q4FGnHZ67hBm9yePzB5JJAIQCc8x3pFnNlwFq4RidZggNAAkzWWw==",
      "peer": true,
      "requires": {
        "loose-envify": "^1.1.0",
        "object-assign": "^4.1.1",
        "prop-types": "^15.6.2",
        "scheduler": "^0.19.1"
      }
    },
    "react-file-reader": {
      "version": "1.1.4",
      "resolved": "https://registry.npmjs.org/react-file-reader/-/react-file-reader-1.1.4.tgz",
      "integrity": "sha512-xTeHFrDIopZpzk4aMZyILzIQbytQ6GCKR32/7kBDzO5lrAr1idbK5PkmpjP4wnT9s5F+TALviuhnWk8UeksddA==",
      "requires": {
        "prop-types": "^15.5.0",
        "uuid4": "^1.0.0"
      }
    },
    "react-flip-move": {
      "version": "3.0.4",
      "resolved": "https://registry.npmjs.org/react-flip-move/-/react-flip-move-3.0.4.tgz",
      "integrity": "sha512-HyUVv9g3t/BS7Yz9HgrtYSWyRNdR2F81nkj+C5iRY675AwlqCLB5JU9mnZWg0cdVz7IM4iquoyZx70vzZv3Z8Q==",
      "requires": {}
    },
    "react-images-upload": {
      "version": "1.2.8",
      "resolved": "https://registry.npmjs.org/react-images-upload/-/react-images-upload-1.2.8.tgz",
      "integrity": "sha512-d5mhAE0BfkLTlG5MLvKVw+q76LL8r5easgWW0TTBvXD8n6HXeLMZLwCuPiOibY1a3NRMXI4AnM1r34dqLOBjng==",
      "requires": {
        "react": "^16.12.0",
        "react-flip-move": "^3.0.4"
      }
    },
    "react-is": {
      "version": "16.13.1",
      "resolved": "https://registry.npmjs.org/react-is/-/react-is-16.13.1.tgz",
      "integrity": "sha512-24e6ynE2H+OKt4kqsOvNd8kBpV65zoxbA4BVsEOB3ARVWQki/DHzaUoC5KuON/BiccDaCCTZBuOcfZs70kR8bQ=="
    },
    "scheduler": {
      "version": "0.19.1",
      "resolved": "https://registry.npmjs.org/scheduler/-/scheduler-0.19.1.tgz",
      "integrity": "sha512-n/zwRWRYSUj0/3g/otKDRPMh6qv2SYMWNq85IEa8iZyAv8od9zDYpGSnpBEjNgcMNq6Scbu5KfIPxNF72R/2EA==",
      "peer": true,
      "requires": {
        "loose-envify": "^1.1.0",
        "object-assign": "^4.1.1"
      }
    },
    "sprintf-js": {
      "version": "1.0.3",
      "resolved": "https://registry.npmjs.org/sprintf-js/-/sprintf-js-1.0.3.tgz",
      "integrity": "sha1-BOaSb2YolTVPPdAVIDYzuFcpfiw=",
      "dev": true
    },
    "uuid4": {
      "version": "1.1.4",
      "resolved": "https://registry.npmjs.org/uuid4/-/uuid4-1.1.4.tgz",
      "integrity": "sha512-Gr1q2k40LpF8CokcnQFjPDsdslzJbTCTBG5xQIEflUov431gFkY5KduiGIeKYAamkQnNn4IfdHJbLnl9Bib8TQ=="
    }
  }
}
